
Microsoft Visual Studio Solution File, Format Version 12.00
# Visual Studio Version 17
VisualStudioVersion = 17.9.34728.123
MinimumVisualStudioVersion = 10.0.40219.1
Project("{9A19103F-16F7-4668-BE54-9A1E7A4F7556}") = "HemoStat", "HemoStat\HemoStat\HemoStat.csproj", "{8C5D5508-458C-4376-80A7-549E2E5C7EC4}"
EndProject
Project("{9A19103F-16F7-4668-BE54-9A1E7A4F7556}") = "HemoStat.Client", "HemoStat\HemoStat.Client\HemoStat.Client.csproj", "{62FFA1A8-31B9-4F02-BCEF-EC3DD7EA36CD}"
EndProject
Global
	GlobalSection(SolutionConfigurationPlatforms) = preSolution
		Debug|Any CPU = Debug|Any CPU
		Release|Any CPU = Release|Any CPU
	EndGlobalSection
	GlobalSection(ProjectConfigurationPlatforms) = postSolution
		{8C5D5508-458C-4376-80A7-549E2E5C7EC4}.Debug|Any CPU.ActiveCfg = Debug|Any CPU
		{8C5D5508-458C-4376-80A7-549E2E5C7EC4}.Debug|Any CPU.Build.0 = Debug|Any CPU
		{8C5D5508-458C-4376-80A7-549E2E5C7EC4}.Release|Any CPU.ActiveCfg = Release|Any CPU
		{8C5D5508-458C-4376-80A7-549E2E5C7EC4}.Release|Any CPU.Build.0 = Release|Any CPU
		{62FFA1A8-31B9-4F02-BCEF-EC3DD7EA36CD}.Debug|Any CPU.ActiveCfg = Debug|Any CPU
		{62FFA1A8-31B9-4F02-BCEF-EC3DD7EA36CD}.Debug|Any CPU.Build.0 = Debug|Any CPU
		{62FFA1A8-31B9-4F02-BCEF-EC3DD7EA36CD}.Release|Any CPU.ActiveCfg = Release|Any CPU
		{62FFA1A8-31B9-4F02-BCEF-EC3DD7EA36CD}.Release|Any CPU.Build.0 = Release|Any CPU
	EndGlobalSection
	GlobalSection(SolutionProperties) = preSolution
		HideSolutionNode = FALSE
	EndGlobalSection
	GlobalSection(ExtensibilityGlobals) = postSolution
		SolutionGuid = {263E3B95-351D-4324-A4ED-19EA566586A8}
	EndGlobalSection
EndGlobal
